
Microsoft Visual Studio Solution File, Format Version 12.00
# Visual Studio 2013
VisualStudioVersion = 12.0.21005.1
MinimumVisualStudioVersion = 10.0.40219.1
Project("{FAE04EC0-301F-11D3-BF4B-00C04F79EFBC}") = "Spec5", "Spec5\Spec5.csproj", "{44339B84-B713-47B7-94D6-EAF95BC4862B}"
EndProject
Project("{FAE04EC0-301F-11D3-BF4B-00C04F79EFBC}") = "Spec5.Tests", "Spec5.Tests\Spec5.Tests.csproj", "{36B3F242-8A52-4DBD-B2E5-70B4632FE1E8}"
EndProject
Global
	GlobalSection(SolutionConfigurationPlatforms) = preSolution
		Debug|Any CPU = Debug|Any CPU
		Release|Any CPU = Release|Any CPU
	EndGlobalSection
	GlobalSection(ProjectConfigurationPlatforms) = postSolution
		{44339B84-B713-47B7-94D6-EAF95BC4862B}.Debug|Any CPU.ActiveCfg = Debug|Any CPU
		{44339B84-B713-47B7-94D6-EAF95BC4862B}.Debug|Any CPU.Build.0 = Debug|Any CPU
		{44339B84-B713-47B7-94D6-EAF95BC4862B}.Release|Any CPU.ActiveCfg = Release|Any CPU
		{44339B84-B713-47B7-94D6-EAF95BC4862B}.Release|Any CPU.Build.0 = Release|Any CPU
		{36B3F242-8A52-4DBD-B2E5-70B4632FE1E8}.Debug|Any CPU.ActiveCfg = Debug|Any CPU
		{36B3F242-8A52-4DBD-B2E5-70B4632FE1E8}.Debug|Any CPU.Build.0 = Debug|Any CPU
		{36B3F242-8A52-4DBD-B2E5-70B4632FE1E8}.Release|Any CPU.ActiveCfg = Release|Any CPU
		{36B3F242-8A52-4DBD-B2E5-70B4632FE1E8}.Release|Any CPU.Build.0 = Release|Any CPU
	EndGlobalSection
	GlobalSection(SolutionProperties) = preSolution
		HideSolutionNode = FALSE
	EndGlobalSection
EndGlobal
